
Microsoft Visual Studio Solution File, Format Version 12.00
# Visual Studio Version 16
VisualStudioVersion = 16.0.29306.81
MinimumVisualStudioVersion = 10.0.40219.1
Project("{8BC9CEB8-8B4A-11D0-8D11-00A0C91BC942}") = "dfu_demo", "dfu_demo.vcxproj", "{F3B18F3D-A2F6-4DF8-9FAF-E70B50DDD4CC}"
EndProject
Global
	GlobalSection(SolutionConfigurationPlatforms) = preSolution
		Debug|x64 = Debug|x64
		Debug|x86 = Debug|x86
		Release|x64 = Release|x64
		Release|x86 = Release|x86
	EndGlobalSection
	GlobalSection(ProjectConfigurationPlatforms) = postSolution
		{F3B18F3D-A2F6-4DF8-9FAF-E70B50DDD4CC}.Debug|x64.ActiveCfg = Debug|x64
		{F3B18F3D-A2F6-4DF8-9FAF-E70B50DDD4CC}.Debug|x86.ActiveCfg = Debug|Win32
		{F3B18F3D-A2F6-4DF8-9FAF-E70B50DDD4CC}.Debug|x86.Build.0 = Debug|Win32
		{F3B18F3D-A2F6-4DF8-9FAF-E70B50DDD4CC}.Release|x64.ActiveCfg = Release|x64
		{F3B18F3D-A2F6-4DF8-9FAF-E70B50DDD4CC}.Release|x64.Build.0 = Release|x64
		{F3B18F3D-A2F6-4DF8-9FAF-E70B50DDD4CC}.Release|x86.ActiveCfg = Release|Win32
		{F3B18F3D-A2F6-4DF8-9FAF-E70B50DDD4CC}.Release|x86.Build.0 = Release|Win32
	EndGlobalSection
	GlobalSection(SolutionProperties) = preSolution
		HideSolutionNode = FALSE
	EndGlobalSection
	GlobalSection(ExtensibilityGlobals) = postSolution
		SolutionGuid = {44DB4BEB-3AC1-49B7-9381-A1C4CA458833}
	EndGlobalSection
EndGlobal
