<?xml version="1.0" encoding="utf-8"?>
<Project ToolsVersion="4.0" xmlns="http://schemas.microsoft.com/developer/msbuild/2003">
  <ItemGroup>
    <Filter Include="vsf">
      <UniqueIdentifier>{0469a8ab-fb5b-464f-b276-179285a33334}</UniqueIdentifier>
    </Filter>
    <Filter Include="vsf\utilities">
      <UniqueIdentifier>{d1b1430b-8b25-4295-b662-e209f108607e}</UniqueIdentifier>
    </Filter>
    <Filter Include="vsf\utilities\3rd-party">
      <UniqueIdentifier>{7e64394f-807a-41c8-9d49-a19f31f17ccd}</UniqueIdentifier>
    </Filter>
    <Filter Include="vsf\utilities\3rd-party\PLOOC">
      <UniqueIdentifier>{3b46ff9b-58f6-49b7-8545-5cc47d871d11}</UniqueIdentifier>
    </Filter>
    <Filter Include="vsf\utilities\compiler">
      <UniqueIdentifier>{050f77a8-e211-4822-9ad8-02f0511d2178}</UniqueIdentifier>
    </Filter>
    <Filter Include="vsf\utilities\preprocessor">
      <UniqueIdentifier>{64213cd2-9bcf-4e39-9f6b-a55752c5150e}</UniqueIdentifier>
    </Filter>
    <Filter Include="vsf\utilities\template">
      <UniqueIdentifier>{c8ecc3b0-9279-4815-bfaf-ca2faad955db}</UniqueIdentifier>
    </Filter>
    <Filter Include="vsf\kernel">
      <UniqueIdentifier>{1e5afc15-8495-446d-93bb-04ba87d73003}</UniqueIdentifier>
    </Filter>
    <Filter Include="vsf\hal">
      <UniqueIdentifier>{ce83bca0-746b-470b-b45c-bbd1948088cb}</UniqueIdentifier>
    </Filter>
    <Filter Include="vsf\hal\arch">
      <UniqueIdentifier>{6f045188-9515-49a9-a783-189202754dd0}</UniqueIdentifier>
    </Filter>
    <Filter Include="vsf\hal\arch\x86">
      <UniqueIdentifier>{819ae1ac-77db-4031-9e0a-3c774144180e}</UniqueIdentifier>
    </Filter>
    <Filter Include="vsf\hal\arch\x86\win">
      <UniqueIdentifier>{25f4336d-0b62-4f17-984e-2e66843d7060}</UniqueIdentifier>
    </Filter>
    <Filter Include="vsf\hal\driver">
      <UniqueIdentifier>{c9df9a5d-4876-4ef7-a01d-db95b9f5073f}</UniqueIdentifier>
    </Filter>
    <Filter Include="vsf\hal\interface">
      <UniqueIdentifier>{41094f8b-289b-4758-876d-d5b08a45d435}</UniqueIdentifier>
    </Filter>
    <Filter Include="vsf\service">
      <UniqueIdentifier>{352c5383-f2d5-4508-b6bc-e08fe3e2b8b6}</UniqueIdentifier>
    </Filter>
    <Filter Include="vsf\service\trace">
      <UniqueIdentifier>{2be5827e-853c-4e28-b8bd-078ac6d2af65}</UniqueIdentifier>
    </Filter>
    <Filter Include="vsf\service\stream">
      <UniqueIdentifier>{631cd5e2-8cb5-497c-aa0f-5c0d0cdc4c67}</UniqueIdentifier>
    </Filter>
    <Filter Include="vsf\service\stream\pbuf_queue">
      <UniqueIdentifier>{079583b9-4195-4656-bcf6-ed0c90644204}</UniqueIdentifier>
    </Filter>
    <Filter Include="vsf\service\heap">
      <UniqueIdentifier>{729e011a-7470-4abd-8f0d-f7238adc6e88}</UniqueIdentifier>
    </Filter>
    <Filter Include="usrapp">
      <UniqueIdentifier>{923bd60b-ab0d-419d-9593-9e5197a6513e}</UniqueIdentifier>
    </Filter>
    <Filter Include="vsf\component">
      <UniqueIdentifier>{14fd5089-ee4f-48ef-86c6-b6a181482b5b}</UniqueIdentifier>
    </Filter>
    <Filter Include="vsf\utilities\language_externsion">
      <UniqueIdentifier>{084aaae4-edd8-4d6b-b43f-b87bcc301d5d}</UniqueIdentifier>
    </Filter>
    <Filter Include="vsf\kernel\task">
      <UniqueIdentifier>{f677e990-98b2-4582-b3a8-c54eebd8f106}</UniqueIdentifier>
    </Filter>
    <Filter Include="vsf\kernel\shell">
      <UniqueIdentifier>{cfefd934-72e4-4e74-aaa9-64cde2ed8dd3}</UniqueIdentifier>
    </Filter>
    <Filter Include="vsf\kernel\shell\simple">
      <UniqueIdentifier>{7ecb6f44-c773-444d-b026-021d8759fb22}</UniqueIdentifier>
    </Filter>
    <Filter Include="vsf\component\3rd-party">
      <UniqueIdentifier>{cb4eff1c-101d-4646-9b87-aa0f415e59d7}</UniqueIdentifier>
    </Filter>
    <Filter Include="vsf\component\input">
      <UniqueIdentifier>{9f6d160e-5145-4e7f-949c-7785b1e92e5e}</UniqueIdentifier>
    </Filter>
    <Filter Include="vsf\component\input\driver">
      <UniqueIdentifier>{a8c1f548-b85a-412d-ac4d-da2b2aba2566}</UniqueIdentifier>
    </Filter>
    <Filter Include="vsf\component\input\driver\hid">
      <UniqueIdentifier>{b4e8d762-c880-4d47-8961-f6d8e5ae5d2b}</UniqueIdentifier>
    </Filter>
    <Filter Include="vsf\component\input\protocol">
      <UniqueIdentifier>{9e71b4ca-1584-4beb-aaaf-276a6c525d66}</UniqueIdentifier>
    </Filter>
    <Filter Include="vsf\component\ui">
      <UniqueIdentifier>{16b6f51f-2859-4b63-bbc5-277c3de0a84f}</UniqueIdentifier>
    </Filter>
    <Filter Include="vsf\hal\driver\x86">
      <UniqueIdentifier>{6839995b-5b02-421e-b703-23f6b9c984d1}</UniqueIdentifier>
    </Filter>
    <Filter Include="usrapp\mvc_demo_win">
      <UniqueIdentifier>{d10f162d-fdf3-464e-8535-1a88e1a37565}</UniqueIdentifier>
    </Filter>
    <Filter Include="usrapp\mvc_demo_win\config">
      <UniqueIdentifier>{3ae681fe-128d-4b3b-923e-54c6cf279b51}</UniqueIdentifier>
    </Filter>
    <Filter Include="vsf\osa_service">
      <UniqueIdentifier>{0a2a75b8-573f-47ec-af54-c36c1fbf0783}</UniqueIdentifier>
    </Filter>
    <Filter Include="vsf\osa_service\msg_tree">
      <UniqueIdentifier>{8e1838f7-282e-4e35-8d88-293d2eeeed0f}</UniqueIdentifier>
    </Filter>
    <Filter Include="vsf\component\ui\tgui">
      <UniqueIdentifier>{3ab7c62c-fcd3-443e-a947-5187f416ddfa}</UniqueIdentifier>
    </Filter>
    <Filter Include="usrapp\mvc_demo_win\tgui_demo">
      <UniqueIdentifier>{4c1e8e15-bad3-4e27-96a3-6d606a51b929}</UniqueIdentifier>
    </Filter>
    <Filter Include="vsf\utilities\3rd-party\PLOOC\raw">
      <UniqueIdentifier>{7cd795c2-654d-44b6-9c22-74f5f3f4fd55}</UniqueIdentifier>
    </Filter>
    <Filter Include="vsf\kernel\__eda">
      <UniqueIdentifier>{5e5dc00c-602a-4e7e-8ce2-f29934945b7c}</UniqueIdentifier>
    </Filter>
    <Filter Include="usrapp\mvc_demo_win\tgui_demo\images">
      <UniqueIdentifier>{f709acb0-ec27-4191-922d-dfe077b19de7}</UniqueIdentifier>
    </Filter>
    <Filter Include="vsf\service\pbuf">
      <UniqueIdentifier>{5785e981-7a69-422f-a4c7-709cc214ca77}</UniqueIdentifier>
    </Filter>
    <Filter Include="vsf\service\pool">
      <UniqueIdentifier>{87ee7aca-817c-4250-9053-4cdfbff8546a}</UniqueIdentifier>
    </Filter>
    <Filter Include="vsf\component\3rd-party\freetype">
      <UniqueIdentifier>{3f57793a-0965-402b-9be7-acab10039a28}</UniqueIdentifier>
    </Filter>
    <Filter Include="vsf\component\3rd-party\freetype\2.10.1">
      <UniqueIdentifier>{ba6bef7c-7daf-4243-944d-e788f32b477a}</UniqueIdentifier>
    </Filter>
    <Filter Include="vsf\component\3rd-party\freetype\2.10.1\raw">
      <UniqueIdentifier>{8a3664c5-76de-4f64-9cce-5204fd8367d7}</UniqueIdentifier>
    </Filter>
    <Filter Include="vsf\component\3rd-party\freetype\2.10.1\port">
      <UniqueIdentifier>{9312a9a2-6edd-485a-94f8-59d7be66c7e3}</UniqueIdentifier>
    </Filter>
    <Filter Include="vsf\component\3rd-party\freetype\2.10.1\raw\src">
      <UniqueIdentifier>{6a473376-ab05-4f0a-b1ba-511c0ffae47d}</UniqueIdentifier>
    </Filter>
    <Filter Include="vsf\component\3rd-party\freetype\2.10.1\raw\src\FT_MODULES">
      <UniqueIdentifier>{bb741321-19fc-4478-b95c-5e19ac9b9f12}</UniqueIdentifier>
    </Filter>
    <Filter Include="vsf\component\3rd-party\freetype\2.10.1\raw\include">
      <UniqueIdentifier>{3326a08a-3d6d-448c-80d1-5b932eaa0161}</UniqueIdentifier>
    </Filter>
    <Filter Include="vsf\component\3rd-party\freetype\2.10.1\raw\include\freetype">
      <UniqueIdentifier>{c1db5d65-daac-4da8-8b99-606396a14a6b}</UniqueIdentifier>
    </Filter>
    <Filter Include="vsf\component\3rd-party\freetype\2.10.1\raw\include\freetype\internal">
      <UniqueIdentifier>{b097e932-73fc-411a-96fa-23e3a6d50579}</UniqueIdentifier>
    </Filter>
    <Filter Include="vsf\component\3rd-party\freetype\2.10.1\raw\include\freetype\internal\services">
      <UniqueIdentifier>{958f215d-6876-434c-9670-b8faac6367d1}</UniqueIdentifier>
    </Filter>
    <Filter Include="usrapp\mvc_demo_win\tgui_demo\stopwatch">
      <UniqueIdentifier>{125644a1-849b-44c9-a557-faea05558c55}</UniqueIdentifier>
    </Filter>
    <Filter Include="vsf\component\ui\tgui\view">
      <UniqueIdentifier>{d51c94c5-faa8-4566-97c1-aeb0c7526045}</UniqueIdentifier>
    </Filter>
    <Filter Include="vsf\component\ui\tgui\view\simple_view">
      <UniqueIdentifier>{dbf59837-1517-4b51-8d96-cd1e9076b17d}</UniqueIdentifier>
    </Filter>
    <Filter Include="vsf\component\ui\tgui\view\template">
      <UniqueIdentifier>{6d892a83-21b8-428a-b568-d02772155863}</UniqueIdentifier>
    </Filter>
    <Filter Include="vsf\component\ui\tgui\controls">
      <UniqueIdentifier>{6393f9b8-b79a-4a79-8ae6-7ab695e405cc}</UniqueIdentifier>
    </Filter>
    <Filter Include="vsf\component\ui\tgui\controls\controls">
      <UniqueIdentifier>{35b69fa6-a2bb-4a86-adec-cc1998dc657b}</UniqueIdentifier>
    </Filter>
    <Filter Include="vsf\component\ui\tgui\utilities">
      <UniqueIdentifier>{7be3a088-0e82-47b3-af7f-c69f0e8e195e}</UniqueIdentifier>
    </Filter>
    <Filter Include="vsf\hal\driver\common">
      <UniqueIdentifier>{f8c99c3c-f200-42c8-bbad-94762ca68af6}</UniqueIdentifier>
    </Filter>
    <Filter Include="vsf\component\ui\disp">
      <UniqueIdentifier>{ef51b5a7-0d2a-4fea-b4af-123e6d999006}</UniqueIdentifier>
    </Filter>
    <Filter Include="vsf\component\ui\disp\driver">
      <UniqueIdentifier>{311d03cb-dabb-46d4-99b3-00d314f1a8af}</UniqueIdentifier>
    </Filter>
    <Filter Include="vsf\component\ui\disp\driver\sdl2">
      <UniqueIdentifier>{3dc5b540-39c0-469f-8936-c8e1d55dab41}</UniqueIdentifier>
    </Filter>
    <Filter Include="vsf\utilities\compiler\__common">
      <UniqueIdentifier>{4e7904bd-7ebb-4cb1-b483-428523b16021}</UniqueIdentifier>
    </Filter>
    <Filter Include="vsf\osa_hal">
      <UniqueIdentifier>{2ece4a84-a3a2-4dff-b693-7bc046ea2d96}</UniqueIdentifier>
    </Filter>
    <Filter Include="vsf\osa_hal\sw_peripheral">
      <UniqueIdentifier>{6e9f86a3-989c-4a4e-acce-c6e6e8440a6d}</UniqueIdentifier>
    </Filter>
    <Filter Include="vsf\osa_hal\sw_peripheral\io_peripheral">
      <UniqueIdentifier>{7263f07f-856c-42ff-b48c-549ca1d2fb64}</UniqueIdentifier>
    </Filter>
    <Filter Include="vsf\osa_hal\sw_peripheral\io_peripheral\spi">
      <UniqueIdentifier>{0cd1bbf5-4abf-4c6c-a4d3-fc4908210655}</UniqueIdentifier>
    </Filter>
    <Filter Include="vsf\component\fs">
      <UniqueIdentifier>{3b633aa2-8400-4a7a-ada8-64273c9b3c06}</UniqueIdentifier>
    </Filter>
    <Filter Include="vsf\component\fs\driver">
      <UniqueIdentifier>{8da2d807-3c1d-487e-be04-d6f5467f0fb0}</UniqueIdentifier>
    </Filter>
    <Filter Include="vsf\component\fs\driver\memfs">
      <UniqueIdentifier>{9bce476a-7578-4857-ab52-6dbfa7f1d01c}</UniqueIdentifier>
    </Filter>
    <Filter Include="vsf\component\3rd-party\freetype\2.10.1\port\vsf_config">
      <UniqueIdentifier>{5c567e4b-0790-44f9-b7af-dd5c0dd37d39}</UniqueIdentifier>
    </Filter>
    <Filter Include="vsf\hal\driver\x86\win">
      <UniqueIdentifier>{a1c83283-d847-4465-8e93-c61585a14f62}</UniqueIdentifier>
    </Filter>
    <Filter Include="vsf\service\simple_stream">
      <UniqueIdentifier>{f15d66bc-26cb-4a40-beea-94665651b182}</UniqueIdentifier>
    </Filter>
    <Filter Include="vsf\service\simple_stream\fifo_stream">
      <UniqueIdentifier>{9595061a-b5f8-49be-ad58-c8047b432a14}</UniqueIdentifier>
    </Filter>
    <Filter Include="vsf\service\simple_stream\mem_stream">
      <UniqueIdentifier>{50956042-3474-4551-97e9-63435d54faa3}</UniqueIdentifier>
    </Filter>
    <Filter Include="vsf\service\simple_stream\block_stream">
      <UniqueIdentifier>{4acbc060-bc6f-4139-9cae-610a8ab6b497}</UniqueIdentifier>
    </Filter>
    <Filter Include="vsf\service\fifo">
      <UniqueIdentifier>{3b3b3616-b921-42a6-adfd-ccd0f6002a55}</UniqueIdentifier>
    </Filter>
  </ItemGroup>
  <ItemGroup>
    <ClInclude Include="..\..\..\vsf\vsf.h">
      <Filter>vsf</Filter>
    </ClInclude>
    <ClInclude Include="..\..\..\vsf\vsf_cfg.h">
      <Filter>vsf</Filter>
    </ClInclude>
    <ClInclude Include="..\..\..\vsf\utilities\communicate.h">
      <Filter>vsf\utilities</Filter>
    </ClInclude>
    <ClInclude Include="..\..\..\vsf\utilities\compiler.h">
      <Filter>vsf\utilities</Filter>
    </ClInclude>
    <ClInclude Include="..\..\..\vsf\utilities\ooc_class.h">
      <Filter>vsf\utilities</Filter>
    </ClInclude>
    <ClInclude Include="..\..\..\vsf\utilities\compiler\x86\x86_compiler.h">
      <Filter>vsf\utilities\compiler</Filter>
    </ClInclude>
    <ClInclude Include="..\..\..\vsf\utilities\preprocessor\mf_u8_dec2str.h">
      <Filter>vsf\utilities\preprocessor</Filter>
    </ClInclude>
    <ClInclude Include="..\..\..\vsf\utilities\template\template.h">
      <Filter>vsf\utilities\template</Filter>
    </ClInclude>
    <ClInclude Include="..\..\..\vsf\utilities\template\vsf_bitmap.h">
      <Filter>vsf\utilities\template</Filter>
    </ClInclude>
    <ClInclude Include="..\..\..\vsf\utilities\template\vsf_list.h">
      <Filter>vsf\utilities\template</Filter>
    </ClInclude>
    <ClInclude Include="..\..\..\vsf\kernel\vsf_eda.h">
      <Filter>vsf\kernel</Filter>
    </ClInclude>
    <ClInclude Include="..\..\..\vsf\kernel\vsf_evtq.h">
      <Filter>vsf\kernel</Filter>
    </ClInclude>
    <ClInclude Include="..\..\..\vsf\kernel\vsf_kernel.h">
      <Filter>vsf\kernel</Filter>
    </ClInclude>
    <ClInclude Include="..\..\..\vsf\kernel\vsf_kernel_cfg.h">
      <Filter>vsf\kernel</Filter>
    </ClInclude>
    <ClInclude Include="..\..\..\vsf\kernel\vsf_kernel_common.h">
      <Filter>vsf\kernel</Filter>
    </ClInclude>
    <ClInclude Include="..\..\..\vsf\kernel\vsf_os.h">
      <Filter>vsf\kernel</Filter>
    </ClInclude>
    <ClInclude Include="..\..\..\vsf\kernel\vsf_timq.h">
      <Filter>vsf\kernel</Filter>
    </ClInclude>
    <ClInclude Include="..\..\..\vsf\kernel\vsf_timq_dlist.h">
      <Filter>vsf\kernel</Filter>
    </ClInclude>
    <ClInclude Include="..\..\..\vsf\hal\vsf_hal.h">
      <Filter>vsf\hal</Filter>
    </ClInclude>
    <ClInclude Include="..\..\..\vsf\hal\vsf_hal_cfg.h">
      <Filter>vsf\hal</Filter>
    </ClInclude>
    <ClInclude Include="..\..\..\vsf\hal\arch\vsf_arch.h">
      <Filter>vsf\hal\arch</Filter>
    </ClInclude>
    <ClInclude Include="..\..\..\vsf\hal\arch\vsf_arch_abstraction.h">
      <Filter>vsf\hal\arch</Filter>
    </ClInclude>
    <ClInclude Include="..\..\..\vsf\hal\arch\x86\win\win_generic.h">
      <Filter>vsf\hal\arch\x86\win</Filter>
    </ClInclude>
    <ClInclude Include="..\..\..\vsf\hal\driver\driver.h">
      <Filter>vsf\hal\driver</Filter>
    </ClInclude>
    <ClInclude Include="..\..\..\vsf\hal\interface\vsf_interface_common.h">
      <Filter>vsf\hal\interface</Filter>
    </ClInclude>
    <ClInclude Include="..\..\..\vsf\hal\interface\vsf_interface_io.h">
      <Filter>vsf\hal\interface</Filter>
    </ClInclude>
    <ClInclude Include="..\..\..\vsf\hal\interface\vsf_interface_pm.h">
      <Filter>vsf\hal\interface</Filter>
    </ClInclude>
    <ClInclude Include="..\..\..\vsf\hal\interface\vsf_interface_usart.h">
      <Filter>vsf\hal\interface</Filter>
    </ClInclude>
    <ClInclude Include="..\..\..\vsf\hal\interface\vsf_interface_usb.h">
      <Filter>vsf\hal\interface</Filter>
    </ClInclude>
    <ClInclude Include="..\..\..\vsf\service\vsf_service.h">
      <Filter>vsf\service</Filter>
    </ClInclude>
    <ClInclude Include="..\..\..\vsf\service\vsf_service_cfg.h">
      <Filter>vsf\service</Filter>
    </ClInclude>
    <ClInclude Include="..\..\..\vsf\service\trace\vsf_trace.h">
      <Filter>vsf\service\trace</Filter>
    </ClInclude>
    <ClInclude Include="..\..\..\vsf\service\pool\vsf_pool.h">
      <Filter>vsf\service\pool</Filter>
    </ClInclude>
    <ClInclude Include="..\..\..\vsf\service\stream\interface.h">
      <Filter>vsf\service\stream</Filter>
    </ClInclude>
    <ClInclude Include="..\..\..\vsf\service\stream\vsf_stream.h">
      <Filter>vsf\service\stream</Filter>
    </ClInclude>
    <ClInclude Include="..\..\..\vsf\service\stream\vsf_stream_base.h">
      <Filter>vsf\service\stream</Filter>
    </ClInclude>
    <ClInclude Include="..\..\..\vsf\service\stream\vsf_stream_reader.h">
      <Filter>vsf\service\stream</Filter>
    </ClInclude>
    <ClInclude Include="..\..\..\vsf\service\stream\vsf_stream_writer.h">
      <Filter>vsf\service\stream</Filter>
    </ClInclude>
    <ClInclude Include="..\..\..\vsf\service\stream\pbuf_queue\vsf_pbuf_queue.h">
      <Filter>vsf\service\stream\pbuf_queue</Filter>
    </ClInclude>
    <ClInclude Include="..\..\..\vsf\service\heap\vsf_heap.h">
      <Filter>vsf\service\heap</Filter>
    </ClInclude>
    <ClInclude Include="..\..\..\vsf\component\vsf_component.h">
      <Filter>vsf\component</Filter>
    </ClInclude>
    <ClInclude Include="..\..\..\vsf\component\vsf_component_cfg.h">
      <Filter>vsf\component</Filter>
    </ClInclude>
    <ClInclude Include="..\..\..\vsf\utilities\language_extension\code_region.h">
      <Filter>vsf\utilities\language_externsion</Filter>
    </ClInclude>
    <ClInclude Include="..\..\..\vsf\utilities\language_extension\language_extension.h">
      <Filter>vsf\utilities\language_externsion</Filter>
    </ClInclude>
    <ClInclude Include="..\..\..\vsf\kernel\task\__vsf_task_common.h">
      <Filter>vsf\kernel\task</Filter>
    </ClInclude>
    <ClInclude Include="..\..\..\vsf\kernel\task\vsf_fsm.h">
      <Filter>vsf\kernel\task</Filter>
    </ClInclude>
    <ClInclude Include="..\..\..\vsf\kernel\task\vsf_pt.h">
      <Filter>vsf\kernel\task</Filter>
    </ClInclude>
    <ClInclude Include="..\..\..\vsf\kernel\task\vsf_task.h">
      <Filter>vsf\kernel\task</Filter>
    </ClInclude>
    <ClInclude Include="..\..\..\vsf\kernel\task\vsf_thread.h">
      <Filter>vsf\kernel\task</Filter>
    </ClInclude>
    <ClInclude Include="..\..\..\vsf\kernel\shell\simple\vsf_simple.h">
      <Filter>vsf\kernel\shell\simple</Filter>
    </ClInclude>
    <ClInclude Include="..\..\..\vsf\kernel\shell\vsf_shell.h">
      <Filter>vsf\kernel\shell</Filter>
    </ClInclude>
    <ClInclude Include="..\..\..\vsf\component\input\vsf_input.h">
      <Filter>vsf\component\input</Filter>
    </ClInclude>
    <ClInclude Include="..\..\..\vsf\component\input\vsf_input_cfg.h">
      <Filter>vsf\component\input</Filter>
    </ClInclude>
    <ClInclude Include="..\..\..\vsf\component\input\protocol\vsf_input_gamepad.h">
      <Filter>vsf\component\input\protocol</Filter>
    </ClInclude>
    <ClInclude Include="..\..\..\vsf\component\input\protocol\vsf_input_sensor.h">
      <Filter>vsf\component\input\protocol</Filter>
    </ClInclude>
    <ClInclude Include="..\..\..\vsf\component\input\driver\hid\vsf_input_hid.h">
      <Filter>vsf\component\input\driver\hid</Filter>
    </ClInclude>
    <ClInclude Include="..\..\..\vsf\hal\driver\x86\driver.h">
      <Filter>vsf\hal\driver\x86</Filter>
    </ClInclude>
    <ClInclude Include="..\..\..\vsf\component\ui\vsf_ui_cfg.h">
      <Filter>vsf\component\ui</Filter>
    </ClInclude>
    <ClInclude Include="..\..\..\vsf\utilities\compiler\x86\type.h">
      <Filter>vsf\utilities\compiler</Filter>
    </ClInclude>
    <ClInclude Include="..\..\..\vsf\hal\arch\__vsf_arch_interface.h">
      <Filter>vsf\hal\arch</Filter>
    </ClInclude>
    <ClInclude Include="..\..\..\vsf\component\input\protocol\vsf_input_touchscreen.h">
      <Filter>vsf\component\input\protocol</Filter>
    </ClInclude>
    <ClInclude Include="..\..\..\vsf\component\input\protocol\vsf_input_keyboard.h">
      <Filter>vsf\component\input\protocol</Filter>
    </ClInclude>
    <ClInclude Include="..\..\..\vsf\component\input\protocol\vsf_input_mouse.h">
      <Filter>vsf\component\input\protocol</Filter>
    </ClInclude>
    <ClInclude Include="..\..\..\vsf\osa_service\vsf_osa_service.h">
      <Filter>vsf\osa_service</Filter>
    </ClInclude>
    <ClInclude Include="..\..\..\vsf\osa_service\vsf_osa_service_cfg.h">
      <Filter>vsf\osa_service</Filter>
    </ClInclude>
    <ClInclude Include="..\..\..\vsf\osa_service\msg_tree\vsf_msg_tree.h">
      <Filter>vsf\osa_service\msg_tree</Filter>
    </ClInclude>
    <ClInclude Include="..\..\..\vsf\component\ui\tgui\vsf_tgui.h">
      <Filter>vsf\component\ui\tgui</Filter>
    </ClInclude>
    <ClInclude Include="..\..\..\vsf\component\ui\tgui\vsf_tgui_cfg.h">
      <Filter>vsf\component\ui\tgui</Filter>
    </ClInclude>
    <ClInclude Include="..\..\..\vsf\component\ui\tgui\vsf_tgui_common.h">
      <Filter>vsf\component\ui\tgui</Filter>
    </ClInclude>
    <ClInclude Include="..\..\..\vsf\utilities\3rd-party\PLOOC\raw\plooc.h">
      <Filter>vsf\utilities\3rd-party\PLOOC\raw</Filter>
    </ClInclude>
    <ClInclude Include="..\..\..\vsf\utilities\3rd-party\PLOOC\raw\plooc_class.h">
      <Filter>vsf\utilities\3rd-party\PLOOC\raw</Filter>
    </ClInclude>
    <ClInclude Include="..\..\..\vsf\utilities\3rd-party\PLOOC\raw\plooc_class_black_box.h">
      <Filter>vsf\utilities\3rd-party\PLOOC\raw</Filter>
    </ClInclude>
    <ClInclude Include="..\..\..\vsf\utilities\3rd-party\PLOOC\raw\plooc_class_simple.h">
      <Filter>vsf\utilities\3rd-party\PLOOC\raw</Filter>
    </ClInclude>
    <ClInclude Include="..\..\..\vsf\utilities\3rd-party\PLOOC\raw\plooc_class_simple_c90.h">
      <Filter>vsf\utilities\3rd-party\PLOOC\raw</Filter>
    </ClInclude>
    <ClInclude Include="..\..\..\vsf\utilities\3rd-party\PLOOC\raw\plooc_class_strict.h">
      <Filter>vsf\utilities\3rd-party\PLOOC\raw</Filter>
    </ClInclude>
    <ClInclude Include="..\..\..\vsf\utilities\template\vsf_queue.h">
      <Filter>vsf\utilities\template</Filter>
    </ClInclude>
    <ClInclude Include="..\..\usrapp\mvc_demo_win\config\vsf_usr_cfg.h">
      <Filter>usrapp\mvc_demo_win\config</Filter>
    </ClInclude>
    <ClInclude Include="..\..\usrapp\mvc_demo_win\tgui_demo\images\demo_images.h">
      <Filter>usrapp\mvc_demo_win\tgui_demo\images</Filter>
    </ClInclude>
    <ClInclude Include="..\..\..\vsf\kernel\vsf_eda_slist_queue.h">
      <Filter>vsf\kernel</Filter>
    </ClInclude>
    <ClInclude Include="..\..\..\vsf\component\ui\tgui\utilities\vsf_tgui_text.h">
      <Filter>vsf\component\ui\tgui\utilities</Filter>
    </ClInclude>
    <ClInclude Include="..\..\usrapp\mvc_demo_win\tgui_demo\images\demo_images_data.h">
      <Filter>usrapp\mvc_demo_win\tgui_demo\images</Filter>
    </ClInclude>
    <ClInclude Include="..\..\..\vsf\service\pbuf\vsf_pbuf.h">
      <Filter>vsf\service\pbuf</Filter>
    </ClInclude>
    <ClInclude Include="..\..\..\vsf\service\pbuf\vsf_pbuf_pool.h">
      <Filter>vsf\service\pbuf</Filter>
    </ClInclude>
    <ClInclude Include="..\..\..\vsf\component\3rd-party\freetype\2.10.1\port\ft2build.h">
      <Filter>vsf\component\3rd-party\freetype\2.10.1\port</Filter>
    </ClInclude>
    <ClInclude Include="..\..\..\vsf\component\3rd-party\freetype\2.10.1\raw\include\freetype\ftlist.h">
      <Filter>vsf\component\3rd-party\freetype\2.10.1\raw\include\freetype</Filter>
    </ClInclude>
    <ClInclude Include="..\..\..\vsf\component\3rd-party\freetype\2.10.1\raw\include\freetype\ftlzw.h">
      <Filter>vsf\component\3rd-party\freetype\2.10.1\raw\include\freetype</Filter>
    </ClInclude>
    <ClInclude Include="..\..\..\vsf\component\3rd-party\freetype\2.10.1\raw\include\freetype\ftmac.h">
      <Filter>vsf\component\3rd-party\freetype\2.10.1\raw\include\freetype</Filter>
    </ClInclude>
    <ClInclude Include="..\..\..\vsf\component\3rd-party\freetype\2.10.1\raw\include\freetype\ftmm.h">
      <Filter>vsf\component\3rd-party\freetype\2.10.1\raw\include\freetype</Filter>
    </ClInclude>
    <ClInclude Include="..\..\..\vsf\component\3rd-party\freetype\2.10.1\raw\include\freetype\ftmodapi.h">
      <Filter>vsf\component\3rd-party\freetype\2.10.1\raw\include\freetype</Filter>
    </ClInclude>
    <ClInclude Include="..\..\..\vsf\component\3rd-party\freetype\2.10.1\raw\include\freetype\ftmoderr.h">
      <Filter>vsf\component\3rd-party\freetype\2.10.1\raw\include\freetype</Filter>
    </ClInclude>
    <ClInclude Include="..\..\..\vsf\component\3rd-party\freetype\2.10.1\raw\include\freetype\ftotval.h">
      <Filter>vsf\component\3rd-party\freetype\2.10.1\raw\include\freetype</Filter>
    </ClInclude>
    <ClInclude Include="..\..\..\vsf\component\3rd-party\freetype\2.10.1\raw\include\freetype\ftoutln.h">
      <Filter>vsf\component\3rd-party\freetype\2.10.1\raw\include\freetype</Filter>
    </ClInclude>
    <ClInclude Include="..\..\..\vsf\component\3rd-party\freetype\2.10.1\raw\include\freetype\ftparams.h">
      <Filter>vsf\component\3rd-party\freetype\2.10.1\raw\include\freetype</Filter>
    </ClInclude>
    <ClInclude Include="..\..\..\vsf\component\3rd-party\freetype\2.10.1\raw\include\freetype\ftpfr.h">
      <Filter>vsf\component\3rd-party\freetype\2.10.1\raw\include\freetype</Filter>
    </ClInclude>
    <ClInclude Include="..\..\..\vsf\component\3rd-party\freetype\2.10.1\raw\include\freetype\ftrender.h">
      <Filter>vsf\component\3rd-party\freetype\2.10.1\raw\include\freetype</Filter>
    </ClInclude>
    <ClInclude Include="..\..\..\vsf\component\3rd-party\freetype\2.10.1\raw\include\freetype\ftsizes.h">
      <Filter>vsf\component\3rd-party\freetype\2.10.1\raw\include\freetype</Filter>
    </ClInclude>
    <ClInclude Include="..\..\..\vsf\component\3rd-party\freetype\2.10.1\raw\include\freetype\ftsnames.h">
      <Filter>vsf\component\3rd-party\freetype\2.10.1\raw\include\freetype</Filter>
    </ClInclude>
    <ClInclude Include="..\..\..\vsf\component\3rd-party\freetype\2.10.1\raw\include\freetype\ftstroke.h">
      <Filter>vsf\component\3rd-party\freetype\2.10.1\raw\include\freetype</Filter>
    </ClInclude>
    <ClInclude Include="..\..\..\vsf\component\3rd-party\freetype\2.10.1\raw\include\freetype\ftsynth.h">
      <Filter>vsf\component\3rd-party\freetype\2.10.1\raw\include\freetype</Filter>
    </ClInclude>
    <ClInclude Include="..\..\..\vsf\component\3rd-party\freetype\2.10.1\raw\include\freetype\ftsystem.h">
      <Filter>vsf\component\3rd-party\freetype\2.10.1\raw\include\freetype</Filter>
    </ClInclude>
    <ClInclude Include="..\..\..\vsf\component\3rd-party\freetype\2.10.1\raw\include\freetype\fttrigon.h">
      <Filter>vsf\component\3rd-party\freetype\2.10.1\raw\include\freetype</Filter>
    </ClInclude>
    <ClInclude Include="..\..\..\vsf\component\3rd-party\freetype\2.10.1\raw\include\freetype\fttypes.h">
      <Filter>vsf\component\3rd-party\freetype\2.10.1\raw\include\freetype</Filter>
    </ClInclude>
    <ClInclude Include="..\..\..\vsf\component\3rd-party\freetype\2.10.1\raw\include\freetype\ftwinfnt.h">
      <Filter>vsf\component\3rd-party\freetype\2.10.1\raw\include\freetype</Filter>
    </ClInclude>
    <ClInclude Include="..\..\..\vsf\component\3rd-party\freetype\2.10.1\raw\include\freetype\t1tables.h">
      <Filter>vsf\component\3rd-party\freetype\2.10.1\raw\include\freetype</Filter>
    </ClInclude>
    <ClInclude Include="..\..\..\vsf\component\3rd-party\freetype\2.10.1\raw\include\freetype\ttnameid.h">
      <Filter>vsf\component\3rd-party\freetype\2.10.1\raw\include\freetype</Filter>
    </ClInclude>
    <ClInclude Include="..\..\..\vsf\component\3rd-party\freetype\2.10.1\raw\include\freetype\tttables.h">
      <Filter>vsf\component\3rd-party\freetype\2.10.1\raw\include\freetype</Filter>
    </ClInclude>
    <ClInclude Include="..\..\..\vsf\component\3rd-party\freetype\2.10.1\raw\include\freetype\tttags.h">
      <Filter>vsf\component\3rd-party\freetype\2.10.1\raw\include\freetype</Filter>
    </ClInclude>
    <ClInclude Include="..\..\..\vsf\component\3rd-party\freetype\2.10.1\raw\include\freetype\freetype.h">
      <Filter>vsf\component\3rd-party\freetype\2.10.1\raw\include\freetype</Filter>
    </ClInclude>
    <ClInclude Include="..\..\..\vsf\component\3rd-party\freetype\2.10.1\raw\include\freetype\ftadvanc.h">
      <Filter>vsf\component\3rd-party\freetype\2.10.1\raw\include\freetype</Filter>
    </ClInclude>
    <ClInclude Include="..\..\..\vsf\component\3rd-party\freetype\2.10.1\raw\include\freetype\ftbbox.h">
      <Filter>vsf\component\3rd-party\freetype\2.10.1\raw\include\freetype</Filter>
    </ClInclude>
    <ClInclude Include="..\..\..\vsf\component\3rd-party\freetype\2.10.1\raw\include\freetype\ftbdf.h">
      <Filter>vsf\component\3rd-party\freetype\2.10.1\raw\include\freetype</Filter>
    </ClInclude>
    <ClInclude Include="..\..\..\vsf\component\3rd-party\freetype\2.10.1\raw\include\freetype\ftbitmap.h">
      <Filter>vsf\component\3rd-party\freetype\2.10.1\raw\include\freetype</Filter>
    </ClInclude>
    <ClInclude Include="..\..\..\vsf\component\3rd-party\freetype\2.10.1\raw\include\freetype\ftbzip2.h">
      <Filter>vsf\component\3rd-party\freetype\2.10.1\raw\include\freetype</Filter>
    </ClInclude>
    <ClInclude Include="..\..\..\vsf\component\3rd-party\freetype\2.10.1\raw\include\freetype\ftcache.h">
      <Filter>vsf\component\3rd-party\freetype\2.10.1\raw\include\freetype</Filter>
    </ClInclude>
    <ClInclude Include="..\..\..\vsf\component\3rd-party\freetype\2.10.1\raw\include\freetype\ftchapters.h">
      <Filter>vsf\component\3rd-party\freetype\2.10.1\raw\include\freetype</Filter>
    </ClInclude>
    <ClInclude Include="..\..\..\vsf\component\3rd-party\freetype\2.10.1\raw\include\freetype\ftcid.h">
      <Filter>vsf\component\3rd-party\freetype\2.10.1\raw\include\freetype</Filter>
    </ClInclude>
    <ClInclude Include="..\..\..\vsf\component\3rd-party\freetype\2.10.1\raw\include\freetype\ftcolor.h">
      <Filter>vsf\component\3rd-party\freetype\2.10.1\raw\include\freetype</Filter>
    </ClInclude>
    <ClInclude Include="..\..\..\vsf\component\3rd-party\freetype\2.10.1\raw\include\freetype\ftdriver.h">
      <Filter>vsf\component\3rd-party\freetype\2.10.1\raw\include\freetype</Filter>
    </ClInclude>
    <ClInclude Include="..\..\..\vsf\component\3rd-party\freetype\2.10.1\raw\include\freetype\fterrdef.h">
      <Filter>vsf\component\3rd-party\freetype\2.10.1\raw\include\freetype</Filter>
    </ClInclude>
    <ClInclude Include="..\..\..\vsf\component\3rd-party\freetype\2.10.1\raw\include\freetype\fterrors.h">
      <Filter>vsf\component\3rd-party\freetype\2.10.1\raw\include\freetype</Filter>
    </ClInclude>
    <ClInclude Include="..\..\..\vsf\component\3rd-party\freetype\2.10.1\raw\include\freetype\ftfntfmt.h">
      <Filter>vsf\component\3rd-party\freetype\2.10.1\raw\include\freetype</Filter>
    </ClInclude>
    <ClInclude Include="..\..\..\vsf\component\3rd-party\freetype\2.10.1\raw\include\freetype\ftgasp.h">
      <Filter>vsf\component\3rd-party\freetype\2.10.1\raw\include\freetype</Filter>
    </ClInclude>
    <ClInclude Include="..\..\..\vsf\component\3rd-party\freetype\2.10.1\raw\include\freetype\ftglyph.h">
      <Filter>vsf\component\3rd-party\freetype\2.10.1\raw\include\freetype</Filter>
    </ClInclude>
    <ClInclude Include="..\..\..\vsf\component\3rd-party\freetype\2.10.1\raw\include\freetype\ftgxval.h">
      <Filter>vsf\component\3rd-party\freetype\2.10.1\raw\include\freetype</Filter>
    </ClInclude>
    <ClInclude Include="..\..\..\vsf\component\3rd-party\freetype\2.10.1\raw\include\freetype\ftgzip.h">
      <Filter>vsf\component\3rd-party\freetype\2.10.1\raw\include\freetype</Filter>
    </ClInclude>
    <ClInclude Include="..\..\..\vsf\component\3rd-party\freetype\2.10.1\raw\include\freetype\ftimage.h">
      <Filter>vsf\component\3rd-party\freetype\2.10.1\raw\include\freetype</Filter>
    </ClInclude>
    <ClInclude Include="..\..\..\vsf\component\3rd-party\freetype\2.10.1\raw\include\freetype\ftincrem.h">
      <Filter>vsf\component\3rd-party\freetype\2.10.1\raw\include\freetype</Filter>
    </ClInclude>
    <ClInclude Include="..\..\..\vsf\component\3rd-party\freetype\2.10.1\raw\include\freetype\ftlcdfil.h">
      <Filter>vsf\component\3rd-party\freetype\2.10.1\raw\include\freetype</Filter>
    </ClInclude>
    <ClInclude Include="..\..\..\vsf\component\3rd-party\freetype\2.10.1\raw\include\freetype\internal\autohint.h">
      <Filter>vsf\component\3rd-party\freetype\2.10.1\raw\include\freetype\internal</Filter>
    </ClInclude>
    <ClInclude Include="..\..\..\vsf\component\3rd-party\freetype\2.10.1\raw\include\freetype\internal\cffotypes.h">
      <Filter>vsf\component\3rd-party\freetype\2.10.1\raw\include\freetype\internal</Filter>
    </ClInclude>
    <ClInclude Include="..\..\..\vsf\component\3rd-party\freetype\2.10.1\raw\include\freetype\internal\cfftypes.h">
      <Filter>vsf\component\3rd-party\freetype\2.10.1\raw\include\freetype\internal</Filter>
    </ClInclude>
    <ClInclude Include="..\..\..\vsf\component\3rd-party\freetype\2.10.1\raw\include\freetype\internal\ftcalc.h">
      <Filter>vsf\component\3rd-party\freetype\2.10.1\raw\include\freetype\internal</Filter>
    </ClInclude>
    <ClInclude Include="..\..\..\vsf\component\3rd-party\freetype\2.10.1\raw\include\freetype\internal\ftdebug.h">
      <Filter>vsf\component\3rd-party\freetype\2.10.1\raw\include\freetype\internal</Filter>
    </ClInclude>
    <ClInclude Include="..\..\..\vsf\component\3rd-party\freetype\2.10.1\raw\include\freetype\internal\ftdrv.h">
      <Filter>vsf\component\3rd-party\freetype\2.10.1\raw\include\freetype\internal</Filter>
    </ClInclude>
    <ClInclude Include="..\..\..\vsf\component\3rd-party\freetype\2.10.1\raw\include\freetype\internal\ftgloadr.h">
      <Filter>vsf\component\3rd-party\freetype\2.10.1\raw\include\freetype\internal</Filter>
    </ClInclude>
    <ClInclude Include="..\..\..\vsf\component\3rd-party\freetype\2.10.1\raw\include\freetype\internal\fthash.h">
      <Filter>vsf\component\3rd-party\freetype\2.10.1\raw\include\freetype\internal</Filter>
    </ClInclude>
    <ClInclude Include="..\..\..\vsf\component\3rd-party\freetype\2.10.1\raw\include\freetype\internal\ftmemory.h">
      <Filter>vsf\component\3rd-party\freetype\2.10.1\raw\include\freetype\internal</Filter>
    </ClInclude>
    <ClInclude Include="..\..\..\vsf\component\3rd-party\freetype\2.10.1\raw\include\freetype\internal\ftobjs.h">
      <Filter>vsf\component\3rd-party\freetype\2.10.1\raw\include\freetype\internal</Filter>
    </ClInclude>
    <ClInclude Include="..\..\..\vsf\component\3rd-party\freetype\2.10.1\raw\include\freetype\internal\ftpsprop.h">
      <Filter>vsf\component\3rd-party\freetype\2.10.1\raw\include\freetype\internal</Filter>
    </ClInclude>
    <ClInclude Include="..\..\..\vsf\component\3rd-party\freetype\2.10.1\raw\include\freetype\internal\ftrfork.h">
      <Filter>vsf\component\3rd-party\freetype\2.10.1\raw\include\freetype\internal</Filter>
    </ClInclude>
    <ClInclude Include="..\..\..\vsf\component\3rd-party\freetype\2.10.1\raw\include\freetype\internal\ftserv.h">
      <Filter>vsf\component\3rd-party\freetype\2.10.1\raw\include\freetype\internal</Filter>
    </ClInclude>
    <ClInclude Include="..\..\..\vsf\component\3rd-party\freetype\2.10.1\raw\include\freetype\internal\ftstream.h">
      <Filter>vsf\component\3rd-party\freetype\2.10.1\raw\include\freetype\internal</Filter>
    </ClInclude>
    <ClInclude Include="..\..\..\vsf\component\3rd-party\freetype\2.10.1\raw\include\freetype\internal\fttrace.h">
      <Filter>vsf\component\3rd-party\freetype\2.10.1\raw\include\freetype\internal</Filter>
    </ClInclude>
    <ClInclude Include="..\..\..\vsf\component\3rd-party\freetype\2.10.1\raw\include\freetype\internal\ftvalid.h">
      <Filter>vsf\component\3rd-party\freetype\2.10.1\raw\include\freetype\internal</Filter>
    </ClInclude>
    <ClInclude Include="..\..\..\vsf\component\3rd-party\freetype\2.10.1\raw\include\freetype\internal\internal.h">
      <Filter>vsf\component\3rd-party\freetype\2.10.1\raw\include\freetype\internal</Filter>
    </ClInclude>
    <ClInclude Include="..\..\..\vsf\component\3rd-party\freetype\2.10.1\raw\include\freetype\internal\psaux.h">
      <Filter>vsf\component\3rd-party\freetype\2.10.1\raw\include\freetype\internal</Filter>
    </ClInclude>
    <ClInclude Include="..\..\..\vsf\component\3rd-party\freetype\2.10.1\raw\include\freetype\internal\pshints.h">
      <Filter>vsf\component\3rd-party\freetype\2.10.1\raw\include\freetype\internal</Filter>
    </ClInclude>
    <ClInclude Include="..\..\..\vsf\component\3rd-party\freetype\2.10.1\raw\include\freetype\internal\sfnt.h">
      <Filter>vsf\component\3rd-party\freetype\2.10.1\raw\include\freetype\internal</Filter>
    </ClInclude>
    <ClInclude Include="..\..\..\vsf\component\3rd-party\freetype\2.10.1\raw\include\freetype\internal\t1types.h">
      <Filter>vsf\component\3rd-party\freetype\2.10.1\raw\include\freetype\internal</Filter>
    </ClInclude>
    <ClInclude Include="..\..\..\vsf\component\3rd-party\freetype\2.10.1\raw\include\freetype\internal\tttypes.h">
      <Filter>vsf\component\3rd-party\freetype\2.10.1\raw\include\freetype\internal</Filter>
    </ClInclude>
    <ClInclude Include="..\..\..\vsf\component\3rd-party\freetype\2.10.1\raw\include\freetype\internal\wofftypes.h">
      <Filter>vsf\component\3rd-party\freetype\2.10.1\raw\include\freetype\internal</Filter>
    </ClInclude>
    <ClInclude Include="..\..\..\vsf\component\3rd-party\freetype\2.10.1\raw\include\freetype\internal\services\svgxval.h">
      <Filter>vsf\component\3rd-party\freetype\2.10.1\raw\include\freetype\internal\services</Filter>
    </ClInclude>
    <ClInclude Include="..\..\..\vsf\component\3rd-party\freetype\2.10.1\raw\include\freetype\internal\services\svkern.h">
      <Filter>vsf\component\3rd-party\freetype\2.10.1\raw\include\freetype\internal\services</Filter>
    </ClInclude>
    <ClInclude Include="..\..\..\vsf\component\3rd-party\freetype\2.10.1\raw\include\freetype\internal\services\svmetric.h">
      <Filter>vsf\component\3rd-party\freetype\2.10.1\raw\include\freetype\internal\services</Filter>
    </ClInclude>
    <ClInclude Include="..\..\..\vsf\component\3rd-party\freetype\2.10.1\raw\include\freetype\internal\services\svmm.h">
      <Filter>vsf\component\3rd-party\freetype\2.10.1\raw\include\freetype\internal\services</Filter>
    </ClInclude>
    <ClInclude Include="..\..\..\vsf\component\3rd-party\freetype\2.10.1\raw\include\freetype\internal\services\svotval.h">
      <Filter>vsf\component\3rd-party\freetype\2.10.1\raw\include\freetype\internal\services</Filter>
    </ClInclude>
    <ClInclude Include="..\..\..\vsf\component\3rd-party\freetype\2.10.1\raw\include\freetype\internal\services\svpfr.h">
      <Filter>vsf\component\3rd-party\freetype\2.10.1\raw\include\freetype\internal\services</Filter>
    </ClInclude>
    <ClInclude Include="..\..\..\vsf\component\3rd-party\freetype\2.10.1\raw\include\freetype\internal\services\svpostnm.h">
      <Filter>vsf\component\3rd-party\freetype\2.10.1\raw\include\freetype\internal\services</Filter>
    </ClInclude>
    <ClInclude Include="..\..\..\vsf\component\3rd-party\freetype\2.10.1\raw\include\freetype\internal\services\svprop.h">
      <Filter>vsf\component\3rd-party\freetype\2.10.1\raw\include\freetype\internal\services</Filter>
    </ClInclude>
    <ClInclude Include="..\..\..\vsf\component\3rd-party\freetype\2.10.1\raw\include\freetype\internal\services\svpscmap.h">
      <Filter>vsf\component\3rd-party\freetype\2.10.1\raw\include\freetype\internal\services</Filter>
    </ClInclude>
    <ClInclude Include="..\..\..\vsf\component\3rd-party\freetype\2.10.1\raw\include\freetype\internal\services\svpsinfo.h">
      <Filter>vsf\component\3rd-party\freetype\2.10.1\raw\include\freetype\internal\services</Filter>
    </ClInclude>
    <ClInclude Include="..\..\..\vsf\component\3rd-party\freetype\2.10.1\raw\include\freetype\internal\services\svsfnt.h">
      <Filter>vsf\component\3rd-party\freetype\2.10.1\raw\include\freetype\internal\services</Filter>
    </ClInclude>
    <ClInclude Include="..\..\..\vsf\component\3rd-party\freetype\2.10.1\raw\include\freetype\internal\services\svttcmap.h">
      <Filter>vsf\component\3rd-party\freetype\2.10.1\raw\include\freetype\internal\services</Filter>
    </ClInclude>
    <ClInclude Include="..\..\..\vsf\component\3rd-party\freetype\2.10.1\raw\include\freetype\internal\services\svtteng.h">
      <Filter>vsf\component\3rd-party\freetype\2.10.1\raw\include\freetype\internal\services</Filter>
    </ClInclude>
    <ClInclude Include="..\..\..\vsf\component\3rd-party\freetype\2.10.1\raw\include\freetype\internal\services\svttglyf.h">
      <Filter>vsf\component\3rd-party\freetype\2.10.1\raw\include\freetype\internal\services</Filter>
    </ClInclude>
    <ClInclude Include="..\..\..\vsf\component\3rd-party\freetype\2.10.1\raw\include\freetype\internal\services\svwinfnt.h">
      <Filter>vsf\component\3rd-party\freetype\2.10.1\raw\include\freetype\internal\services</Filter>
    </ClInclude>
    <ClInclude Include="..\..\..\vsf\component\3rd-party\freetype\2.10.1\raw\include\freetype\internal\services\svbdf.h">
      <Filter>vsf\component\3rd-party\freetype\2.10.1\raw\include\freetype\internal\services</Filter>
    </ClInclude>
    <ClInclude Include="..\..\..\vsf\component\3rd-party\freetype\2.10.1\raw\include\freetype\internal\services\svcfftl.h">
      <Filter>vsf\component\3rd-party\freetype\2.10.1\raw\include\freetype\internal\services</Filter>
    </ClInclude>
    <ClInclude Include="..\..\..\vsf\component\3rd-party\freetype\2.10.1\raw\include\freetype\internal\services\svcid.h">
      <Filter>vsf\component\3rd-party\freetype\2.10.1\raw\include\freetype\internal\services</Filter>
    </ClInclude>
    <ClInclude Include="..\..\..\vsf\component\3rd-party\freetype\2.10.1\raw\include\freetype\internal\services\svfntfmt.h">
      <Filter>vsf\component\3rd-party\freetype\2.10.1\raw\include\freetype\internal\services</Filter>
    </ClInclude>
    <ClInclude Include="..\..\..\vsf\component\3rd-party\freetype\2.10.1\raw\include\freetype\internal\services\svgldict.h">
      <Filter>vsf\component\3rd-party\freetype\2.10.1\raw\include\freetype\internal\services</Filter>
    </ClInclude>
    <ClInclude Include="..\..\usrapp\mvc_demo_win\tgui_demo\stopwatch\stopwatch.h">
      <Filter>usrapp\mvc_demo_win\tgui_demo\stopwatch</Filter>
    </ClInclude>
    <ClInclude Include="..\..\usrapp\mvc_demo_win\config\vsf_tgui_cfg.h">
      <Filter>usrapp\mvc_demo_win\config</Filter>
    </ClInclude>
    <ClInclude Include="..\..\usrapp\mvc_demo_win\tgui_demo\tgui_custom.h">
      <Filter>usrapp\mvc_demo_win\tgui_demo</Filter>
    </ClInclude>
    <ClInclude Include="..\..\..\vsf\utilities\compiler\__common\__compiler.h">
      <Filter>vsf\utilities\compiler\__common</Filter>
    </ClInclude>
    <ClInclude Include="..\..\..\vsf\utilities\compiler\__common\__signal.h">
      <Filter>vsf\utilities\compiler\__common</Filter>
    </ClInclude>
    <ClInclude Include="..\..\..\vsf\utilities\compiler\__common\__type.h">
      <Filter>vsf\utilities\compiler\__common</Filter>
    </ClInclude>
    <ClInclude Include="..\..\..\vsf\component\ui\tgui\controls\__vsf_tgui_controls_common.h">
      <Filter>vsf\component\ui\tgui\controls</Filter>
    </ClInclude>
    <ClInclude Include="..\..\..\vsf\component\ui\tgui\controls\vsf_msg_tree_cfg.h">
      <Filter>vsf\component\ui\tgui\controls</Filter>
    </ClInclude>
    <ClInclude Include="..\..\..\vsf\component\ui\tgui\controls\vsf_tgui_controls.h">
      <Filter>vsf\component\ui\tgui\controls</Filter>
    </ClInclude>
    <ClInclude Include="..\..\..\vsf\component\ui\tgui\controls\vsf_tgui_list.h">
      <Filter>vsf\component\ui\tgui\controls\controls</Filter>
    </ClInclude>
    <ClInclude Include="..\..\..\vsf\component\ui\tgui\controls\vsf_tgui_panel.h">
      <Filter>vsf\component\ui\tgui\controls\controls</Filter>
    </ClInclude>
    <ClInclude Include="..\..\..\vsf\component\ui\tgui\controls\vsf_tgui_text_list.h">
      <Filter>vsf\component\ui\tgui\controls\controls</Filter>
    </ClInclude>
    <ClInclude Include="..\..\..\vsf\component\ui\tgui\controls\vsf_tgui_button.h">
      <Filter>vsf\component\ui\tgui\controls\controls</Filter>
    </ClInclude>
    <ClInclude Include="..\..\..\vsf\component\ui\tgui\controls\vsf_tgui_control.h">
      <Filter>vsf\component\ui\tgui\controls\controls</Filter>
    </ClInclude>
    <ClInclude Include="..\..\..\vsf\component\ui\tgui\controls\vsf_tgui_label.h">
      <Filter>vsf\component\ui\tgui\controls\controls</Filter>
    </ClInclude>
    <ClInclude Include="..\..\..\vsf\component\ui\tgui\view\simple_view\vsf_tgui_sv_container.h">
      <Filter>vsf\component\ui\tgui\view\simple_view</Filter>
    </ClInclude>
    <ClInclude Include="..\..\..\vsf\component\ui\tgui\view\simple_view\vsf_tgui_sv_control.h">
      <Filter>vsf\component\ui\tgui\view\simple_view</Filter>
    </ClInclude>
    <ClInclude Include="..\..\..\vsf\component\ui\tgui\view\simple_view\vsf_tgui_sv_draw.h">
      <Filter>vsf\component\ui\tgui\view\simple_view</Filter>
    </ClInclude>
    <ClInclude Include="..\..\..\vsf\component\ui\tgui\view\simple_view\vsf_tgui_sv_label.h">
      <Filter>vsf\component\ui\tgui\view\simple_view</Filter>
    </ClInclude>
    <ClInclude Include="..\..\..\vsf\component\ui\tgui\view\simple_view\vsf_tgui_sv_list.h">
      <Filter>vsf\component\ui\tgui\view\simple_view</Filter>
    </ClInclude>
    <ClInclude Include="..\..\..\vsf\component\ui\tgui\view\simple_view\vsf_tgui_sv_panel.h">
      <Filter>vsf\component\ui\tgui\view\simple_view</Filter>
    </ClInclude>
    <ClInclude Include="..\..\..\vsf\component\ui\tgui\view\simple_view\vsf_tgui_sv_port.h">
      <Filter>vsf\component\ui\tgui\view\simple_view</Filter>
    </ClInclude>
    <ClInclude Include="..\..\..\vsf\component\ui\tgui\view\simple_view\vsf_tgui_sv_style.h">
      <Filter>vsf\component\ui\tgui\view\simple_view</Filter>
    </ClInclude>
    <ClInclude Include="..\..\..\vsf\component\ui\tgui\view\simple_view\vsf_tgui_sv_text_list.h">
      <Filter>vsf\component\ui\tgui\view\simple_view</Filter>
    </ClInclude>
    <ClInclude Include="..\..\..\vsf\component\ui\tgui\view\simple_view\vsf_tgui_v_template.h">
      <Filter>vsf\component\ui\tgui\view\simple_view</Filter>
    </ClInclude>
    <ClInclude Include="..\..\..\vsf\component\ui\tgui\view\simple_view\vsf_tgui_v_type.h">
      <Filter>vsf\component\ui\tgui\view\simple_view</Filter>
    </ClInclude>
    <ClInclude Include="..\..\..\vsf\component\ui\tgui\view\simple_view\vsf_tgui_sv_button.h">
      <Filter>vsf\component\ui\tgui\view\simple_view</Filter>
    </ClInclude>
    <ClInclude Include="..\..\..\vsf\component\ui\tgui\view\vsf_tgui_v.h">
      <Filter>vsf\component\ui\tgui\view</Filter>
    </ClInclude>
    <ClInclude Include="..\..\..\vsf\component\ui\tgui\view\template\vsf_tgui_v_container.h">
      <Filter>vsf\component\ui\tgui\view\template</Filter>
    </ClInclude>
    <ClInclude Include="..\..\..\vsf\component\ui\tgui\view\template\vsf_tgui_v_control.h">
      <Filter>vsf\component\ui\tgui\view\template</Filter>
    </ClInclude>
    <ClInclude Include="..\..\..\vsf\component\ui\tgui\view\template\vsf_tgui_v_label.h">
      <Filter>vsf\component\ui\tgui\view\template</Filter>
    </ClInclude>
    <ClInclude Include="..\..\..\vsf\component\ui\tgui\view\template\vsf_tgui_v_panel.h">
      <Filter>vsf\component\ui\tgui\view\template</Filter>
    </ClInclude>
    <ClInclude Include="..\..\..\vsf\component\ui\tgui\view\template\vsf_tgui_v_template.h">
      <Filter>vsf\component\ui\tgui\view\template</Filter>
    </ClInclude>
    <ClInclude Include="..\..\..\vsf\component\ui\tgui\view\template\vsf_tgui_v_type.h">
      <Filter>vsf\component\ui\tgui\view\template</Filter>
    </ClInclude>
    <ClInclude Include="..\..\..\vsf\component\ui\tgui\view\template\vsf_tgui_v_button.h">
      <Filter>vsf\component\ui\tgui\view\template</Filter>
    </ClInclude>
    <ClInclude Include="..\..\..\vsf\component\ui\tgui\controls\__vk_tgui_slider.h">
      <Filter>vsf\component\ui\tgui\controls\controls</Filter>
    </ClInclude>
    <ClInclude Include="..\..\..\vsf\component\ui\tgui\view\simple_view\vsf_tgui_sv_color.h">
      <Filter>vsf\component\ui\tgui\view\simple_view</Filter>
    </ClInclude>
    <ClInclude Include="..\..\..\vsf\component\ui\tgui\view\simple_view\vsf_tgui_sv_font.h">
      <Filter>vsf\component\ui\tgui\view\simple_view</Filter>
    </ClInclude>
    <ClInclude Include="..\..\..\vsf\hal\driver\common\common.h">
      <Filter>vsf\hal\driver\common</Filter>
    </ClInclude>
    <ClInclude Include="..\..\..\vsf\component\ui\disp\vsf_disp.h">
      <Filter>vsf\component\ui\disp</Filter>
    </ClInclude>
    <ClInclude Include="..\..\..\vsf\component\ui\disp\driver\sdl2\vsf_disp_sdl2.h">
      <Filter>vsf\component\ui\disp\driver\sdl2</Filter>
    </ClInclude>
    <ClInclude Include="..\..\..\vsf\osa_hal\vsf_osa_hal.h">
      <Filter>vsf\osa_hal</Filter>
    </ClInclude>
    <ClInclude Include="..\..\..\vsf\osa_hal\vsf_osa_hal_cfg.h">
      <Filter>vsf\osa_hal</Filter>
    </ClInclude>
    <ClInclude Include="..\..\..\vsf\osa_hal\sw_peripheral\sw_periperhal_cfg.h">
      <Filter>vsf\osa_hal\sw_peripheral</Filter>
    </ClInclude>
    <ClInclude Include="..\..\..\vsf\osa_hal\sw_peripheral\sw_peripheral.h">
      <Filter>vsf\osa_hal\sw_peripheral</Filter>
    </ClInclude>
    <ClInclude Include="..\..\..\vsf\osa_hal\sw_peripheral\io_peripheral\io_periperhal_cfg.h">
      <Filter>vsf\osa_hal\sw_peripheral\io_peripheral</Filter>
    </ClInclude>
    <ClInclude Include="..\..\..\vsf\osa_hal\sw_peripheral\io_peripheral\io_peripheral.h">
      <Filter>vsf\osa_hal\sw_peripheral\io_peripheral</Filter>
    </ClInclude>
    <ClInclude Include="..\..\..\vsf\osa_hal\sw_peripheral\io_peripheral\spi\vsf_io_spi.h">
      <Filter>vsf\osa_hal\sw_peripheral\io_peripheral\spi</Filter>
    </ClInclude>
    <ClInclude Include="..\..\..\vsf\hal\interface\vsf_interface_spi.h">
      <Filter>vsf\hal\interface</Filter>
    </ClInclude>
    <ClInclude Include="..\..\..\vsf\utilities\vsf_utilities_cfg.h">
      <Filter>vsf\utilities</Filter>
    </ClInclude>
    <ClInclude Include="..\..\..\vsf\utilities\vsf_utlities.h">
      <Filter>vsf\utilities</Filter>
    </ClInclude>
    <ClInclude Include="..\..\..\vsf\component\fs\vsf_fs.h">
      <Filter>vsf\component\fs</Filter>
    </ClInclude>
    <ClInclude Include="..\..\..\vsf\component\fs\vsf_fs_cfg.h">
      <Filter>vsf\component\fs</Filter>
    </ClInclude>
    <ClInclude Include="..\..\..\vsf\component\fs\driver\memfs\vsf_memfs.h">
      <Filter>vsf\component\fs\driver\memfs</Filter>
    </ClInclude>
    <ClInclude Include="..\..\..\vsf\component\3rd-party\freetype\2.10.1\port\vsf_config\ftmodule.h">
      <Filter>vsf\component\3rd-party\freetype\2.10.1\port\vsf_config</Filter>
    </ClInclude>
    <ClInclude Include="..\..\..\vsf\component\3rd-party\freetype\2.10.1\port\vsf_config\ftoption.h">
      <Filter>vsf\component\3rd-party\freetype\2.10.1\port\vsf_config</Filter>
    </ClInclude>
    <ClInclude Include="..\..\..\vsf\component\3rd-party\freetype\2.10.1\port\vsf_config\ftstdlib.h">
      <Filter>vsf\component\3rd-party\freetype\2.10.1\port\vsf_config</Filter>
    </ClInclude>
    <ClInclude Include="..\..\..\vsf\component\3rd-party\freetype\2.10.1\port\vsf_config\ftconfig.h">
      <Filter>vsf\component\3rd-party\freetype\2.10.1\port\vsf_config</Filter>
    </ClInclude>
    <ClInclude Include="..\..\..\vsf\component\3rd-party\freetype\2.10.1\port\vsf_config\ftheader.h">
      <Filter>vsf\component\3rd-party\freetype\2.10.1\port\vsf_config</Filter>
    </ClInclude>
    <ClInclude Include="..\..\..\vsf\hal\driver\x86\win\driver.h">
      <Filter>vsf\hal\driver\x86\win</Filter>
    </ClInclude>
    <ClInclude Include="..\..\..\vsf\hal\driver\x86\win\device.h">
      <Filter>vsf\hal\driver\x86\win</Filter>
    </ClInclude>
    <ClInclude Include="..\..\..\vsf\kernel\shell\simple\vsf_simple_bmpevt.h">
      <Filter>vsf\kernel\shell\simple</Filter>
    </ClInclude>
    <ClInclude Include="..\..\..\vsf\service\simple_stream\vsf_simple_stream.h">
      <Filter>vsf\service\simple_stream</Filter>
    </ClInclude>
    <ClInclude Include="..\..\..\vsf\service\simple_stream\fifo_stream\vsf_fifo_stream.h">
      <Filter>vsf\service\simple_stream\fifo_stream</Filter>
    </ClInclude>
    <ClInclude Include="..\..\..\vsf\service\simple_stream\mem_stream\vsf_mem_stream.h">
      <Filter>vsf\service\simple_stream\mem_stream</Filter>
    </ClInclude>
    <ClInclude Include="..\..\..\vsf\service\simple_stream\block_stream\vsf_block_stream.h">
      <Filter>vsf\service\simple_stream\block_stream</Filter>
    </ClInclude>
    <ClInclude Include="..\..\..\vsf\service\fifo\vsf_fifo.h">
      <Filter>vsf\service\fifo</Filter>
    </ClInclude>
    <ClInclude Include="..\..\..\vsf\utilities\language_extension\delegate.h">
      <Filter>vsf\utilities\language_externsion</Filter>
    </ClInclude>
    <ClInclude Include="..\..\..\vsf\utilities\preprocessor\vsf_connect.h">
      <Filter>vsf\utilities\preprocessor</Filter>
    </ClInclude>
    <ClInclude Include="..\..\..\vsf\utilities\preprocessor\vsf_repeat_macro.h">
      <Filter>vsf\utilities\preprocessor</Filter>
    </ClInclude>
  </ItemGroup>
  <ItemGroup>
    <ClCompile Include="..\..\..\vsf\utilities\template\vsf_bitmap.c">
      <Filter>vsf\utilities\template</Filter>
    </ClCompile>
    <ClCompile Include="..\..\..\vsf\utilities\template\vsf_list.c">
      <Filter>vsf\utilities\template</Filter>
    </ClCompile>
    <ClCompile Include="..\..\..\vsf\kernel\vsf_eda.c">
      <Filter>vsf\kernel</Filter>
    </ClCompile>
    <ClCompile Include="..\..\..\vsf\kernel\vsf_evtq_array.c">
      <Filter>vsf\kernel</Filter>
    </ClCompile>
    <ClCompile Include="..\..\..\vsf\kernel\vsf_evtq_list.c">
      <Filter>vsf\kernel</Filter>
    </ClCompile>
    <ClCompile Include="..\..\..\vsf\kernel\vsf_kernel_bsp.c">
      <Filter>vsf\kernel</Filter>
    </ClCompile>
    <ClCompile Include="..\..\..\vsf\kernel\vsf_os.c">
      <Filter>vsf\kernel</Filter>
    </ClCompile>
    <ClCompile Include="..\..\..\vsf\hal\vsf_hal.c">
      <Filter>vsf\hal</Filter>
    </ClCompile>
    <ClCompile Include="..\..\..\vsf\hal\arch\vsf_arch_abstraction.c">
      <Filter>vsf\hal\arch</Filter>
    </ClCompile>
    <ClCompile Include="..\..\..\vsf\hal\arch\x86\win\win_generic.c">
      <Filter>vsf\hal\arch\x86\win</Filter>
    </ClCompile>
    <ClCompile Include="..\..\..\vsf\service\vsf_service.c">
      <Filter>vsf\service</Filter>
    </ClCompile>
    <ClCompile Include="..\..\..\vsf\service\trace\vsf_trace.c">
      <Filter>vsf\service\trace</Filter>
    </ClCompile>
    <ClCompile Include="..\..\..\vsf\service\pool\vsf_pool.c">
      <Filter>vsf\service\pool</Filter>
    </ClCompile>
    <ClCompile Include="..\..\..\vsf\service\stream\vsf_stream.c">
      <Filter>vsf\service\stream</Filter>
    </ClCompile>
    <ClCompile Include="..\..\..\vsf\service\stream\vsf_stream_base.c">
      <Filter>vsf\service\stream</Filter>
    </ClCompile>
    <ClCompile Include="..\..\..\vsf\service\stream\vsf_stream_reader.c">
      <Filter>vsf\service\stream</Filter>
    </ClCompile>
    <ClCompile Include="..\..\..\vsf\service\stream\vsf_stream_writer.c">
      <Filter>vsf\service\stream</Filter>
    </ClCompile>
    <ClCompile Include="..\..\..\vsf\service\stream\pbuf_queue\vsf_pbuf_queue.c">
      <Filter>vsf\service\stream\pbuf_queue</Filter>
    </ClCompile>
    <ClCompile Include="..\..\..\vsf\service\heap\vsf_heap.c">
      <Filter>vsf\service\heap</Filter>
    </ClCompile>
    <ClCompile Include="..\..\..\vsf\component\vsf_component.c">
      <Filter>vsf\component</Filter>
    </ClCompile>
    <ClCompile Include="..\..\..\vsf\utilities\language_extension\code_region.c">
      <Filter>vsf\utilities\language_externsion</Filter>
    </ClCompile>
    <ClCompile Include="..\..\..\vsf\kernel\task\vsf_task.c">
      <Filter>vsf\kernel\task</Filter>
    </ClCompile>
    <ClCompile Include="..\..\..\vsf\kernel\task\vsf_thread.c">
      <Filter>vsf\kernel\task</Filter>
    </ClCompile>
    <ClCompile Include="..\..\..\vsf\kernel\shell\simple\vsf_simple_task.c">
      <Filter>vsf\kernel\shell\simple</Filter>
    </ClCompile>
    <ClCompile Include="..\..\..\vsf\kernel\shell\vsf_shell.c">
      <Filter>vsf\kernel\shell</Filter>
    </ClCompile>
    <ClCompile Include="..\..\..\vsf\component\input\vsf_input.c">
      <Filter>vsf\component\input</Filter>
    </ClCompile>
    <ClCompile Include="..\..\..\vsf\component\input\driver\hid\vsf_input_hid.c">
      <Filter>vsf\component\input\driver\hid</Filter>
    </ClCompile>
    <ClCompile Include="..\..\..\vsf\osa_service\vsf_osa_service.c">
      <Filter>vsf\osa_service</Filter>
    </ClCompile>
    <ClCompile Include="..\..\..\vsf\osa_service\msg_tree\vsf_msg_tree.c">
      <Filter>vsf\osa_service\msg_tree</Filter>
    </ClCompile>
    <ClCompile Include="..\..\..\vsf\component\ui\tgui\vsf_tgui.c">
      <Filter>vsf\component\ui\tgui</Filter>
    </ClCompile>
    <ClCompile Include="..\..\..\vsf\kernel\__eda\vsf_eda_bmpevt.c">
      <Filter>vsf\kernel\__eda</Filter>
    </ClCompile>
    <ClCompile Include="..\..\..\vsf\kernel\__eda\vsf_eda_queue.c">
      <Filter>vsf\kernel\__eda</Filter>
    </ClCompile>
    <ClCompile Include="..\..\..\vsf\kernel\__eda\vsf_eda_sync.c">
      <Filter>vsf\kernel\__eda</Filter>
    </ClCompile>
    <ClCompile Include="..\..\..\vsf\kernel\__eda\vsf_eda_timer.c">
      <Filter>vsf\kernel\__eda</Filter>
    </ClCompile>
    <ClCompile Include="..\..\..\vsf\utilities\template\vsf_queue.c">
      <Filter>vsf\utilities\template</Filter>
    </ClCompile>
    <ClCompile Include="..\..\..\vsf\component\ui\tgui\vsf_tgui_common.c">
      <Filter>vsf\component\ui\tgui</Filter>
    </ClCompile>
    <ClCompile Include="..\..\usrapp\mvc_demo_win\tgui_demo\tgui_demo.c">
      <Filter>usrapp\mvc_demo_win\tgui_demo</Filter>
    </ClCompile>
    <ClCompile Include="..\..\usrapp\mvc_demo_win\tgui_demo\tgui_port.c">
      <Filter>usrapp\mvc_demo_win\tgui_demo</Filter>
    </ClCompile>
    <ClCompile Include="..\..\usrapp\mvc_demo_win\main.c">
      <Filter>usrapp\mvc_demo_win</Filter>
    </ClCompile>
    <ClCompile Include="..\..\usrapp\mvc_demo_win\tgui_demo\images\demo_images.c">
      <Filter>usrapp\mvc_demo_win\tgui_demo\images</Filter>
    </ClCompile>
    <ClCompile Include="..\..\..\vsf\kernel\vsf_eda_slist_queue.c">
      <Filter>vsf\kernel</Filter>
    </ClCompile>
    <ClCompile Include="..\..\..\vsf\component\ui\tgui\utilities\vsf_tgui_text.c">
      <Filter>vsf\component\ui\tgui\utilities</Filter>
    </ClCompile>
    <ClCompile Include="..\..\..\vsf\service\pbuf\vsf_pbuf_pool.c">
      <Filter>vsf\service\pbuf</Filter>
    </ClCompile>
    <ClCompile Include="..\..\..\vsf\service\pbuf\vsf_pbuf.c">
      <Filter>vsf\service\pbuf</Filter>
    </ClCompile>
    <ClCompile Include="..\..\..\vsf\component\3rd-party\freetype\2.10.1\raw\src\autofit\autofit.c">
      <Filter>vsf\component\3rd-party\freetype\2.10.1\raw\src</Filter>
    </ClCompile>
    <ClCompile Include="..\..\..\vsf\component\3rd-party\freetype\2.10.1\raw\src\base\ftbase.c">
      <Filter>vsf\component\3rd-party\freetype\2.10.1\raw\src</Filter>
    </ClCompile>
    <ClCompile Include="..\..\..\vsf\component\3rd-party\freetype\2.10.1\raw\src\cff\cff.c">
      <Filter>vsf\component\3rd-party\freetype\2.10.1\raw\src</Filter>
    </ClCompile>
    <ClCompile Include="..\..\..\vsf\component\3rd-party\freetype\2.10.1\raw\src\truetype\truetype.c">
      <Filter>vsf\component\3rd-party\freetype\2.10.1\raw\src</Filter>
    </ClCompile>
    <ClCompile Include="..\..\..\vsf\component\3rd-party\freetype\2.10.1\raw\src\type42\type42.c">
      <Filter>vsf\component\3rd-party\freetype\2.10.1\raw\src</Filter>
    </ClCompile>
    <ClCompile Include="..\..\..\vsf\component\3rd-party\freetype\2.10.1\raw\src\type1\type1.c">
      <Filter>vsf\component\3rd-party\freetype\2.10.1\raw\src</Filter>
    </ClCompile>
    <ClCompile Include="..\..\..\vsf\component\3rd-party\freetype\2.10.1\raw\src\smooth\smooth.c">
      <Filter>vsf\component\3rd-party\freetype\2.10.1\raw\src</Filter>
    </ClCompile>
    <ClCompile Include="..\..\..\vsf\component\3rd-party\freetype\2.10.1\raw\src\sfnt\sfnt.c">
      <Filter>vsf\component\3rd-party\freetype\2.10.1\raw\src</Filter>
    </ClCompile>
    <ClCompile Include="..\..\..\vsf\component\3rd-party\freetype\2.10.1\raw\src\raster\raster.c">
      <Filter>vsf\component\3rd-party\freetype\2.10.1\raw\src</Filter>
    </ClCompile>
    <ClCompile Include="..\..\..\vsf\component\3rd-party\freetype\2.10.1\raw\src\psnames\psnames.c">
      <Filter>vsf\component\3rd-party\freetype\2.10.1\raw\src</Filter>
    </ClCompile>
    <ClCompile Include="..\..\..\vsf\component\3rd-party\freetype\2.10.1\raw\src\pshinter\pshinter.c">
      <Filter>vsf\component\3rd-party\freetype\2.10.1\raw\src</Filter>
    </ClCompile>
    <ClCompile Include="..\..\..\vsf\component\3rd-party\freetype\2.10.1\raw\src\psaux\psaux.c">
      <Filter>vsf\component\3rd-party\freetype\2.10.1\raw\src</Filter>
    </ClCompile>
    <ClCompile Include="..\..\..\vsf\component\3rd-party\freetype\2.10.1\raw\src\pfr\pfr.c">
      <Filter>vsf\component\3rd-party\freetype\2.10.1\raw\src</Filter>
    </ClCompile>
    <ClCompile Include="..\..\..\vsf\component\3rd-party\freetype\2.10.1\raw\src\pcf\pcf.c">
      <Filter>vsf\component\3rd-party\freetype\2.10.1\raw\src</Filter>
    </ClCompile>
    <ClCompile Include="..\..\..\vsf\component\3rd-party\freetype\2.10.1\raw\src\otvalid\otvalid.c">
      <Filter>vsf\component\3rd-party\freetype\2.10.1\raw\src</Filter>
    </ClCompile>
    <ClCompile Include="..\..\..\vsf\component\3rd-party\freetype\2.10.1\raw\src\lzw\ftlzw.c">
      <Filter>vsf\component\3rd-party\freetype\2.10.1\raw\src</Filter>
    </ClCompile>
    <ClCompile Include="..\..\..\vsf\component\3rd-party\freetype\2.10.1\raw\src\gzip\ftgzip.c">
      <Filter>vsf\component\3rd-party\freetype\2.10.1\raw\src</Filter>
    </ClCompile>
    <ClCompile Include="..\..\..\vsf\component\3rd-party\freetype\2.10.1\raw\src\gxvalid\gxvalid.c">
      <Filter>vsf\component\3rd-party\freetype\2.10.1\raw\src</Filter>
    </ClCompile>
    <ClCompile Include="..\..\..\vsf\component\3rd-party\freetype\2.10.1\raw\src\cid\type1cid.c">
      <Filter>vsf\component\3rd-party\freetype\2.10.1\raw\src</Filter>
    </ClCompile>
    <ClCompile Include="..\..\..\vsf\component\3rd-party\freetype\2.10.1\raw\src\cache\ftcache.c">
      <Filter>vsf\component\3rd-party\freetype\2.10.1\raw\src</Filter>
    </ClCompile>
    <ClCompile Include="..\..\..\vsf\component\3rd-party\freetype\2.10.1\raw\src\bzip2\ftbzip2.c">
      <Filter>vsf\component\3rd-party\freetype\2.10.1\raw\src</Filter>
    </ClCompile>
    <ClCompile Include="..\..\..\vsf\component\3rd-party\freetype\2.10.1\raw\src\bdf\bdf.c">
      <Filter>vsf\component\3rd-party\freetype\2.10.1\raw\src</Filter>
    </ClCompile>
    <ClCompile Include="..\..\..\vsf\component\3rd-party\freetype\2.10.1\raw\src\base\ftbbox.c">
      <Filter>vsf\component\3rd-party\freetype\2.10.1\raw\src\FT_MODULES</Filter>
    </ClCompile>
    <ClCompile Include="..\..\..\vsf\component\3rd-party\freetype\2.10.1\raw\src\base\ftbdf.c">
      <Filter>vsf\component\3rd-party\freetype\2.10.1\raw\src\FT_MODULES</Filter>
    </ClCompile>
    <ClCompile Include="..\..\..\vsf\component\3rd-party\freetype\2.10.1\raw\src\base\ftbitmap.c">
      <Filter>vsf\component\3rd-party\freetype\2.10.1\raw\src\FT_MODULES</Filter>
    </ClCompile>
    <ClCompile Include="..\..\..\vsf\component\3rd-party\freetype\2.10.1\raw\src\base\ftcid.c">
      <Filter>vsf\component\3rd-party\freetype\2.10.1\raw\src\FT_MODULES</Filter>
    </ClCompile>
    <ClCompile Include="..\..\..\vsf\component\3rd-party\freetype\2.10.1\raw\src\base\ftfstype.c">
      <Filter>vsf\component\3rd-party\freetype\2.10.1\raw\src\FT_MODULES</Filter>
    </ClCompile>
    <ClCompile Include="..\..\..\vsf\component\3rd-party\freetype\2.10.1\raw\src\base\ftgasp.c">
      <Filter>vsf\component\3rd-party\freetype\2.10.1\raw\src\FT_MODULES</Filter>
    </ClCompile>
    <ClCompile Include="..\..\..\vsf\component\3rd-party\freetype\2.10.1\raw\src\base\ftglyph.c">
      <Filter>vsf\component\3rd-party\freetype\2.10.1\raw\src\FT_MODULES</Filter>
    </ClCompile>
    <ClCompile Include="..\..\..\vsf\component\3rd-party\freetype\2.10.1\raw\src\base\ftpfr.c">
      <Filter>vsf\component\3rd-party\freetype\2.10.1\raw\src\FT_MODULES</Filter>
    </ClCompile>
    <ClCompile Include="..\..\..\vsf\component\3rd-party\freetype\2.10.1\raw\src\base\ftstroke.c">
      <Filter>vsf\component\3rd-party\freetype\2.10.1\raw\src\FT_MODULES</Filter>
    </ClCompile>
    <ClCompile Include="..\..\..\vsf\component\3rd-party\freetype\2.10.1\raw\src\base\ftsynth.c">
      <Filter>vsf\component\3rd-party\freetype\2.10.1\raw\src\FT_MODULES</Filter>
    </ClCompile>
    <ClCompile Include="..\..\..\vsf\component\3rd-party\freetype\2.10.1\raw\src\base\fttype1.c">
      <Filter>vsf\component\3rd-party\freetype\2.10.1\raw\src\FT_MODULES</Filter>
    </ClCompile>
    <ClCompile Include="..\..\..\vsf\component\3rd-party\freetype\2.10.1\raw\src\base\ftwinfnt.c">
      <Filter>vsf\component\3rd-party\freetype\2.10.1\raw\src\FT_MODULES</Filter>
    </ClCompile>
    <ClCompile Include="..\..\..\vsf\component\3rd-party\freetype\2.10.1\raw\src\base\ftgxval.c">
      <Filter>vsf\component\3rd-party\freetype\2.10.1\raw\src\FT_MODULES</Filter>
    </ClCompile>
    <ClCompile Include="..\..\..\vsf\component\3rd-party\freetype\2.10.1\raw\src\base\ftmm.c">
      <Filter>vsf\component\3rd-party\freetype\2.10.1\raw\src\FT_MODULES</Filter>
    </ClCompile>
    <ClCompile Include="..\..\..\vsf\component\3rd-party\freetype\2.10.1\raw\src\base\ftotval.c">
      <Filter>vsf\component\3rd-party\freetype\2.10.1\raw\src\FT_MODULES</Filter>
    </ClCompile>
    <ClCompile Include="..\..\..\vsf\component\3rd-party\freetype\2.10.1\raw\src\winfonts\winfnt.c">
      <Filter>vsf\component\3rd-party\freetype\2.10.1\raw\src</Filter>
    </ClCompile>
    <ClCompile Include="..\..\..\vsf\component\3rd-party\freetype\2.10.1\raw\src\base\ftsystem.c">
      <Filter>vsf\component\3rd-party\freetype\2.10.1\raw\src</Filter>
    </ClCompile>
    <ClCompile Include="..\..\..\vsf\component\3rd-party\freetype\2.10.1\raw\src\base\ftinit.c">
      <Filter>vsf\component\3rd-party\freetype\2.10.1\raw\src</Filter>
    </ClCompile>
    <ClCompile Include="..\..\..\vsf\component\3rd-party\freetype\2.10.1\raw\builds\windows\ftdebug.c">
      <Filter>vsf\component\3rd-party\freetype\2.10.1\raw\src</Filter>
    </ClCompile>
    <ClCompile Include="..\..\usrapp\mvc_demo_win\tgui_demo\stopwatch\stopwatch.c">
      <Filter>usrapp\mvc_demo_win\tgui_demo\stopwatch</Filter>
    </ClCompile>
    <ClCompile Include="..\..\usrapp\mvc_demo_win\tgui_demo\tgui_custom.c">
      <Filter>usrapp\mvc_demo_win\tgui_demo</Filter>
    </ClCompile>
    <ClCompile Include="..\..\..\vsf\utilities\compiler\__common\__retarget_io.c">
      <Filter>vsf\utilities\compiler\__common</Filter>
    </ClCompile>
    <ClCompile Include="..\..\..\vsf\component\ui\tgui\controls\vsf_tgui_controls_common.c">
      <Filter>vsf\component\ui\tgui\controls</Filter>
    </ClCompile>
    <ClCompile Include="..\..\..\vsf\component\ui\tgui\controls\vsf_tgui_list.c">
      <Filter>vsf\component\ui\tgui\controls\controls</Filter>
    </ClCompile>
    <ClCompile Include="..\..\..\vsf\component\ui\tgui\controls\vsf_tgui_panel.c">
      <Filter>vsf\component\ui\tgui\controls\controls</Filter>
    </ClCompile>
    <ClCompile Include="..\..\..\vsf\component\ui\tgui\controls\vsf_tgui_text_list.c">
      <Filter>vsf\component\ui\tgui\controls\controls</Filter>
    </ClCompile>
    <ClCompile Include="..\..\..\vsf\component\ui\tgui\controls\vsf_tgui_button.c">
      <Filter>vsf\component\ui\tgui\controls\controls</Filter>
    </ClCompile>
    <ClCompile Include="..\..\..\vsf\component\ui\tgui\controls\vsf_tgui_control.c">
      <Filter>vsf\component\ui\tgui\controls\controls</Filter>
    </ClCompile>
    <ClCompile Include="..\..\..\vsf\component\ui\tgui\controls\vsf_tgui_label.c">
      <Filter>vsf\component\ui\tgui\controls\controls</Filter>
    </ClCompile>
    <ClCompile Include="..\..\..\vsf\component\ui\tgui\view\simple_view\vsf_tgui_sv_control.c">
      <Filter>vsf\component\ui\tgui\view\simple_view</Filter>
    </ClCompile>
    <ClCompile Include="..\..\..\vsf\component\ui\tgui\view\simple_view\vsf_tgui_sv_draw.c">
      <Filter>vsf\component\ui\tgui\view\simple_view</Filter>
    </ClCompile>
    <ClCompile Include="..\..\..\vsf\component\ui\tgui\view\simple_view\vsf_tgui_sv_label.c">
      <Filter>vsf\component\ui\tgui\view\simple_view</Filter>
    </ClCompile>
    <ClCompile Include="..\..\..\vsf\component\ui\tgui\view\simple_view\vsf_tgui_sv_list.c">
      <Filter>vsf\component\ui\tgui\view\simple_view</Filter>
    </ClCompile>
    <ClCompile Include="..\..\..\vsf\component\ui\tgui\view\simple_view\vsf_tgui_sv_panel.c">
      <Filter>vsf\component\ui\tgui\view\simple_view</Filter>
    </ClCompile>
    <ClCompile Include="..\..\..\vsf\component\ui\tgui\view\simple_view\vsf_tgui_sv_style.c">
      <Filter>vsf\component\ui\tgui\view\simple_view</Filter>
    </ClCompile>
    <ClCompile Include="..\..\..\vsf\component\ui\tgui\view\simple_view\vsf_tgui_sv_text_list.c">
      <Filter>vsf\component\ui\tgui\view\simple_view</Filter>
    </ClCompile>
    <ClCompile Include="..\..\..\vsf\component\ui\tgui\view\simple_view\vsf_tgui_sv_button.c">
      <Filter>vsf\component\ui\tgui\view\simple_view</Filter>
    </ClCompile>
    <ClCompile Include="..\..\..\vsf\component\ui\tgui\view\simple_view\vsf_tgui_sv_container.c">
      <Filter>vsf\component\ui\tgui\view\simple_view</Filter>
    </ClCompile>
    <ClCompile Include="..\..\..\vsf\component\ui\tgui\view\vsf_tgui_v.c">
      <Filter>vsf\component\ui\tgui\view</Filter>
    </ClCompile>
    <ClCompile Include="..\..\..\vsf\component\ui\tgui\view\template\vsf_tgui_v_control.c">
      <Filter>vsf\component\ui\tgui\view\template</Filter>
    </ClCompile>
    <ClCompile Include="..\..\..\vsf\component\ui\tgui\view\template\vsf_tgui_v_label.c">
      <Filter>vsf\component\ui\tgui\view\template</Filter>
    </ClCompile>
    <ClCompile Include="..\..\..\vsf\component\ui\tgui\view\template\vsf_tgui_v_panel.c">
      <Filter>vsf\component\ui\tgui\view\template</Filter>
    </ClCompile>
    <ClCompile Include="..\..\..\vsf\component\ui\tgui\view\template\vsf_tgui_v_button.c">
      <Filter>vsf\component\ui\tgui\view\template</Filter>
    </ClCompile>
    <ClCompile Include="..\..\..\vsf\component\ui\tgui\view\template\vsf_tgui_v_container.c">
      <Filter>vsf\component\ui\tgui\view\template</Filter>
    </ClCompile>
    <ClCompile Include="..\..\..\vsf\component\ui\tgui\controls\__vk_tgui_slider.c">
      <Filter>vsf\component\ui\tgui\controls\controls</Filter>
    </ClCompile>
    <ClCompile Include="..\..\..\vsf\component\ui\tgui\view\simple_view\vsf_tgui_sv_color.c">
      <Filter>vsf\component\ui\tgui\view\simple_view</Filter>
    </ClCompile>
    <ClCompile Include="..\..\..\vsf\component\ui\tgui\view\simple_view\vsf_tgui_sv_font.c">
      <Filter>vsf\component\ui\tgui\view\simple_view</Filter>
    </ClCompile>
    <ClCompile Include="..\..\..\vsf\component\ui\disp\vsf_disp.c">
      <Filter>vsf\component\ui\disp</Filter>
    </ClCompile>
    <ClCompile Include="..\..\..\vsf\component\ui\disp\driver\sdl2\vsf_disp_sdl2.c">
      <Filter>vsf\component\ui\disp\driver\sdl2</Filter>
    </ClCompile>
    <ClCompile Include="..\..\..\vsf\osa_hal\vsf_osa_hal.c">
      <Filter>vsf\osa_hal</Filter>
    </ClCompile>
    <ClCompile Include="..\..\..\vsf\osa_hal\sw_peripheral\io_peripheral\spi\vsf_io_spi.c">
      <Filter>vsf\osa_hal\sw_peripheral\io_peripheral\spi</Filter>
    </ClCompile>
    <ClCompile Include="..\..\..\vsf\component\fs\vsf_fs.c">
      <Filter>vsf\component\fs</Filter>
    </ClCompile>
    <ClCompile Include="..\..\..\vsf\component\fs\driver\memfs\vsf_memfs.c">
      <Filter>vsf\component\fs\driver\memfs</Filter>
    </ClCompile>
    <ClCompile Include="..\..\..\vsf\hal\driver\x86\win\driver.c">
      <Filter>vsf\hal\driver\x86\win</Filter>
    </ClCompile>
    <ClCompile Include="..\..\..\vsf\kernel\shell\simple\vsf_simple_bmpevt.c">
      <Filter>vsf\kernel\shell\simple</Filter>
    </ClCompile>
    <ClCompile Include="..\..\..\vsf\service\simple_stream\vsf_simple_stream.c">
      <Filter>vsf\service\simple_stream</Filter>
    </ClCompile>
    <ClCompile Include="..\..\..\vsf\service\simple_stream\fifo_stream\vsf_fifo_stream.c">
      <Filter>vsf\service\simple_stream\fifo_stream</Filter>
    </ClCompile>
    <ClCompile Include="..\..\..\vsf\service\simple_stream\mem_stream\vsf_mem_stream.c">
      <Filter>vsf\service\simple_stream\mem_stream</Filter>
    </ClCompile>
    <ClCompile Include="..\..\..\vsf\service\simple_stream\block_stream\vsf_block_stream.c">
      <Filter>vsf\service\simple_stream\block_stream</Filter>
    </ClCompile>
    <ClCompile Include="..\..\..\vsf\service\fifo\vsf_fifo.c">
      <Filter>vsf\service\fifo</Filter>
    </ClCompile>
    <ClCompile Include="..\..\..\vsf\utilities\language_extension\delegate.c">
      <Filter>vsf\utilities\language_externsion</Filter>
    </ClCompile>
    <ClCompile Include="..\..\..\vsf\component\ui\tgui\vsf_tgui_input.c">
      <Filter>vsf\component\ui\tgui</Filter>
    </ClCompile>
  </ItemGroup>
  <ItemGroup>
    <None Include="..\..\..\vsf\utilities\3rd-party\PLOOC\raw\README.md">
      <Filter>vsf\utilities\3rd-party\PLOOC\raw</Filter>
    </None>
    <None Include="cpp.hint" />
    <None Include="..\..\..\vsf\service\pool\impl_vsf_pool.inc">
      <Filter>vsf\service\pool</Filter>
    </None>
  </ItemGroup>
</Project>